
Microsoft Visual Studio Solution File, Format Version 12.00
# Visual Studio 14
VisualStudioVersion = 14.0.25420.1
MinimumVisualStudioVersion = 10.0.40219.1
Project("{FAE04EC0-301F-11D3-BF4B-00C04F79EFBC}") = "SimpleZaifTrader", "SimpleZaifTrader\SimpleZaifTrader.csproj", "{9679E2EE-D8E3-4552-BF11-981122F15F20}"
EndProject
Project("{FAE04EC0-301F-11D3-BF4B-00C04F79EFBC}") = "CryptoWei", "CryptoWei\CryptoWei.csproj", "{2C457EA6-4B55-44E7-A65F-B9CE9BC1B951}"
EndProject
Project("{FAE04EC0-301F-11D3-BF4B-00C04F79EFBC}") = "Zaif.NET", "Zaif.NET\Zaif.NET.csproj", "{C8B16231-1D3B-4407-B0E5-70AC8C113B17}"
EndProject
Global
	GlobalSection(SolutionConfigurationPlatforms) = preSolution
		Debug|Any CPU = Debug|Any CPU
		Debug|x64 = Debug|x64
		Release|Any CPU = Release|Any CPU
		Release|x64 = Release|x64
	EndGlobalSection
	GlobalSection(ProjectConfigurationPlatforms) = postSolution
		{9679E2EE-D8E3-4552-BF11-981122F15F20}.Debug|Any CPU.ActiveCfg = Debug|Any CPU
		{9679E2EE-D8E3-4552-BF11-981122F15F20}.Debug|Any CPU.Build.0 = Debug|Any CPU
		{9679E2EE-D8E3-4552-BF11-981122F15F20}.Debug|x64.ActiveCfg = Debug|x64
		{9679E2EE-D8E3-4552-BF11-981122F15F20}.Debug|x64.Build.0 = Debug|x64
		{9679E2EE-D8E3-4552-BF11-981122F15F20}.Release|Any CPU.ActiveCfg = Release|Any CPU
		{9679E2EE-D8E3-4552-BF11-981122F15F20}.Release|Any CPU.Build.0 = Release|Any CPU
		{9679E2EE-D8E3-4552-BF11-981122F15F20}.Release|x64.ActiveCfg = Release|x64
		{9679E2EE-D8E3-4552-BF11-981122F15F20}.Release|x64.Build.0 = Release|x64
		{2C457EA6-4B55-44E7-A65F-B9CE9BC1B951}.Debug|Any CPU.ActiveCfg = Debug|Any CPU
		{2C457EA6-4B55-44E7-A65F-B9CE9BC1B951}.Debug|Any CPU.Build.0 = Debug|Any CPU
		{2C457EA6-4B55-44E7-A65F-B9CE9BC1B951}.Debug|x64.ActiveCfg = Debug|Any CPU
		{2C457EA6-4B55-44E7-A65F-B9CE9BC1B951}.Debug|x64.Build.0 = Debug|Any CPU
		{2C457EA6-4B55-44E7-A65F-B9CE9BC1B951}.Release|Any CPU.ActiveCfg = Release|Any CPU
		{2C457EA6-4B55-44E7-A65F-B9CE9BC1B951}.Release|Any CPU.Build.0 = Release|Any CPU
		{2C457EA6-4B55-44E7-A65F-B9CE9BC1B951}.Release|x64.ActiveCfg = Release|Any CPU
		{2C457EA6-4B55-44E7-A65F-B9CE9BC1B951}.Release|x64.Build.0 = Release|Any CPU
		{C8B16231-1D3B-4407-B0E5-70AC8C113B17}.Debug|Any CPU.ActiveCfg = Debug|Any CPU
		{C8B16231-1D3B-4407-B0E5-70AC8C113B17}.Debug|Any CPU.Build.0 = Debug|Any CPU
		{C8B16231-1D3B-4407-B0E5-70AC8C113B17}.Debug|x64.ActiveCfg = Debug|Any CPU
		{C8B16231-1D3B-4407-B0E5-70AC8C113B17}.Debug|x64.Build.0 = Debug|Any CPU
		{C8B16231-1D3B-4407-B0E5-70AC8C113B17}.Release|Any CPU.ActiveCfg = Release|Any CPU
		{C8B16231-1D3B-4407-B0E5-70AC8C113B17}.Release|Any CPU.Build.0 = Release|Any CPU
		{C8B16231-1D3B-4407-B0E5-70AC8C113B17}.Release|x64.ActiveCfg = Release|Any CPU
		{C8B16231-1D3B-4407-B0E5-70AC8C113B17}.Release|x64.Build.0 = Release|Any CPU
	EndGlobalSection
	GlobalSection(SolutionProperties) = preSolution
		HideSolutionNode = FALSE
	EndGlobalSection
EndGlobal
